
Microsoft Visual Studio Solution File, Format Version 12.00
# Visual Studio Version 16
VisualStudioVersion = 16.0.31005.135
MinimumVisualStudioVersion = 10.0.40219.1
Project("{9A19103F-16F7-4668-BE54-9A1E7A4F7556}") = "TCRS.Server", "TCRS.server\TCRS.Server.csproj", "{4C192734-73C0-4BE5-84E3-D335BB2A9035}"
EndProject
Project("{9A19103F-16F7-4668-BE54-9A1E7A4F7556}") = "TCRS.Client", "TCRS.client\TCRS.Client.csproj", "{71A1F7C6-F13C-44BA-B256-54C6131F7BBD}"
EndProject
Project("{9A19103F-16F7-4668-BE54-9A1E7A4F7556}") = "TCRS.Client.Test", "TCRS.client.test\TCRS.Client.Test.csproj", "{5306FA60-A2B3-44A6-8B05-05A101E43203}"
EndProject
Project("{9A19103F-16F7-4668-BE54-9A1E7A4F7556}") = "TCRS.Database", "TCRS.Database\TCRS.Database.csproj", "{74F0630E-2C1A-4229-A5BA-4C49D3F8CE04}"
EndProject
Global
	GlobalSection(SolutionConfigurationPlatforms) = preSolution
		Debug|Any CPU = Debug|Any CPU
		Release|Any CPU = Release|Any CPU
	EndGlobalSection
	GlobalSection(ProjectConfigurationPlatforms) = postSolution
		{4C192734-73C0-4BE5-84E3-D335BB2A9035}.Debug|Any CPU.ActiveCfg = Debug|Any CPU
		{4C192734-73C0-4BE5-84E3-D335BB2A9035}.Debug|Any CPU.Build.0 = Debug|Any CPU
		{4C192734-73C0-4BE5-84E3-D335BB2A9035}.Release|Any CPU.ActiveCfg = Release|Any CPU
		{4C192734-73C0-4BE5-84E3-D335BB2A9035}.Release|Any CPU.Build.0 = Release|Any CPU
		{71A1F7C6-F13C-44BA-B256-54C6131F7BBD}.Debug|Any CPU.ActiveCfg = Debug|Any CPU
		{71A1F7C6-F13C-44BA-B256-54C6131F7BBD}.Debug|Any CPU.Build.0 = Debug|Any CPU
		{71A1F7C6-F13C-44BA-B256-54C6131F7BBD}.Release|Any CPU.ActiveCfg = Release|Any CPU
		{71A1F7C6-F13C-44BA-B256-54C6131F7BBD}.Release|Any CPU.Build.0 = Release|Any CPU
		{5306FA60-A2B3-44A6-8B05-05A101E43203}.Debug|Any CPU.ActiveCfg = Debug|Any CPU
		{5306FA60-A2B3-44A6-8B05-05A101E43203}.Debug|Any CPU.Build.0 = Debug|Any CPU
		{5306FA60-A2B3-44A6-8B05-05A101E43203}.Release|Any CPU.ActiveCfg = Release|Any CPU
		{5306FA60-A2B3-44A6-8B05-05A101E43203}.Release|Any CPU.Build.0 = Release|Any CPU
		{74F0630E-2C1A-4229-A5BA-4C49D3F8CE04}.Debug|Any CPU.ActiveCfg = Debug|Any CPU
		{74F0630E-2C1A-4229-A5BA-4C49D3F8CE04}.Debug|Any CPU.Build.0 = Debug|Any CPU
		{74F0630E-2C1A-4229-A5BA-4C49D3F8CE04}.Release|Any CPU.ActiveCfg = Release|Any CPU
		{74F0630E-2C1A-4229-A5BA-4C49D3F8CE04}.Release|Any CPU.Build.0 = Release|Any CPU
	EndGlobalSection
	GlobalSection(SolutionProperties) = preSolution
		HideSolutionNode = FALSE
	EndGlobalSection
	GlobalSection(ExtensibilityGlobals) = postSolution
		SolutionGuid = {6FF0152A-5658-4108-AF03-8099BFB10B19}
	EndGlobalSection
EndGlobal
